github.com/gorilla/mux v1.8.0 h1:i40aqfkR1h2SlN9hojwV5ZA91wcXFOvkdNIeFDP5koI=
github.com/gorilla/mux v1.8.0/go.mod h1:DVbg23sWSpFRCP0SfiEN6jmj59UnW/n46BH5rLB71So=
github.com/huandu/facebook/v2 v2.7.0 h1:9j6llyZMVo6BjTj0WHWWrvPL4D4R7i+08S342pBg2xw=
github.com/huandu/facebook/v2 v2.7.0/go.mod h1:lk/dUK+JQuXylOhO+b6QtNJNpzo/C4wAasE+YHHZUf4=
